// !$*UTF8*$!
{
	archiveVersion = 1;
	classes = {
	};
	objectVersion = 46;
	objects = {

/* Begin PBXBuildFile section */
		F61C722416F7A4460099CCBC /* MainStoryboard.storyboard in Resources */ = {isa = PBXBuildFile; fileRef = F61C722316F7A4460099CCBC /* MainStoryboard.storyboard */; };
		F61C722516F7A4460099CCBC /* MainStoryboard.storyboard in Resources */ = {isa = PBXBuildFile; fileRef = F61C722316F7A4460099CCBC /* MainStoryboard.storyboard */; };
		F61C723116F7A4770099CCBC /* TSMainCollectionViewController.m in Sources */ = {isa = PBXBuildFile; fileRef = F61C722916F7A4770099CCBC /* TSMainCollectionViewController.m */; };
		F61C723216F7A4770099CCBC /* TSMainCollectionViewController.m in Sources */ = {isa = PBXBuildFile; fileRef = F61C722916F7A4770099CCBC /* TSMainCollectionViewController.m */; };
		F61C723316F7A4770099CCBC /* TSMainCollectionViewController.xib in Resources */ = {isa = PBXBuildFile; fileRef = F61C722A16F7A4770099CCBC /* TSMainCollectionViewController.xib */; };
		F61C723416F7A4770099CCBC /* TSMainCollectionViewController.xib in Resources */ = {isa = PBXBuildFile; fileRef = F61C722A16F7A4770099CCBC /* TSMainCollectionViewController.xib */; };
		F61C723516F7A4770099CCBC /* TSMainCollectionViewCell.m in Sources */ = {isa = PBXBuildFile; fileRef = F61C722C16F7A4770099CCBC /* TSMainCollectionViewCell.m */; };
		F61C723616F7A4770099CCBC /* TSMainCollectionViewCell.m in Sources */ = {isa = PBXBuildFile; fileRef = F61C722C16F7A4770099CCBC /* TSMainCollectionViewCell.m */; };
		F61C723E16F7A4880099CCBC /* TSViewController.m in Sources */ = {isa = PBXBuildFile; fileRef = F61C723A16F7A4880099CCBC /* TSViewController.m */; };
		F61C723F16F7A4880099CCBC /* TSViewController.m in Sources */ = {isa = PBXBuildFile; fileRef = F61C723A16F7A4880099CCBC /* TSViewController.m */; };
		F61C724016F7A4880099CCBC /* TSMainTableViewCell.m in Sources */ = {isa = PBXBuildFile; fileRef = F61C723C16F7A4880099CCBC /* TSMainTableViewCell.m */; };
		F61C724116F7A4880099CCBC /* TSMainTableViewCell.m in Sources */ = {isa = PBXBuildFile; fileRef = F61C723C16F7A4880099CCBC /* TSMainTableViewCell.m */; };
		F61C724216F7A4880099CCBC /* TSMainTableViewCell.xib in Resources */ = {isa = PBXBuildFile; fileRef = F61C723D16F7A4880099CCBC /* TSMainTableViewCell.xib */; };
		F61C724316F7A4880099CCBC /* TSMainTableViewCell.xib in Resources */ = {isa = PBXBuildFile; fileRef = F61C723D16F7A4880099CCBC /* TSMainTableViewCell.xib */; };
		F61C724616F7A49E0099CCBC /* TSServerController.m in Sources */ = {isa = PBXBuildFile; fileRef = F61C724516F7A49E0099CCBC /* TSServerController.m */; };
		F61C724716F7A49E0099CCBC /* TSServerController.m in Sources */ = {isa = PBXBuildFile; fileRef = F61C724516F7A49E0099CCBC /* TSServerController.m */; };
		F668953A16F339D300E78257 /* UIKit.framework in Frameworks */ = {isa = PBXBuildFile; fileRef = F668953916F339D300E78257 /* UIKit.framework */; };
		F668953C16F339D300E78257 /* Foundation.framework in Frameworks */ = {isa = PBXBuildFile; fileRef = F668953B16F339D300E78257 /* Foundation.framework */; };
		F668953E16F339D300E78257 /* CoreGraphics.framework in Frameworks */ = {isa = PBXBuildFile; fileRef = F668953D16F339D300E78257 /* CoreGraphics.framework */; };
		F668954416F339D300E78257 /* InfoPlist.strings in Resources */ = {isa = PBXBuildFile; fileRef = F668954216F339D300E78257 /* InfoPlist.strings */; };
		F668954616F339D300E78257 /* main.m in Sources */ = {isa = PBXBuildFile; fileRef = F668954516F339D300E78257 /* main.m */; };
		F668954A16F339D300E78257 /* TSAppDelegate.m in Sources */ = {isa = PBXBuildFile; fileRef = F668954916F339D300E78257 /* TSAppDelegate.m */; };
		F668954C16F339D300E78257 /* Default.png in Resources */ = {isa = PBXBuildFile; fileRef = F668954B16F339D300E78257 /* Default.png */; };
		F668954E16F339D300E78257 /* Default@2x.png in Resources */ = {isa = PBXBuildFile; fileRef = F668954D16F339D300E78257 /* Default@2x.png */; };
		F668955016F339D300E78257 /* Default-568h@2x.png in Resources */ = {isa = PBXBuildFile; fileRef = F668954F16F339D300E78257 /* Default-568h@2x.png */; };
		F668955E16F339D400E78257 /* SenTestingKit.framework in Frameworks */ = {isa = PBXBuildFile; fileRef = F668955D16F339D400E78257 /* SenTestingKit.framework */; };
		F668955F16F339D400E78257 /* UIKit.framework in Frameworks */ = {isa = PBXBuildFile; fileRef = F668953916F339D300E78257 /* UIKit.framework */; };
		F668956016F339D400E78257 /* Foundation.framework in Frameworks */ = {isa = PBXBuildFile; fileRef = F668953B16F339D300E78257 /* Foundation.framework */; };
		F668956816F339D400E78257 /* InfoPlist.strings in Resources */ = {isa = PBXBuildFile; fileRef = F668956616F339D400E78257 /* InfoPlist.strings */; };
		F668956B16F339D400E78257 /* TopMusicTests.m in Sources */ = {isa = PBXBuildFile; fileRef = F668956A16F339D400E78257 /* TopMusicTests.m */; };
		F6693D1C16FC454E00CD3852 /* iTunesItem.m in Sources */ = {isa = PBXBuildFile; fileRef = F6693D1B16FC454E00CD3852 /* iTunesItem.m */; };
		F6693D1D16FC454E00CD3852 /* iTunesItem.m in Sources */ = {isa = PBXBuildFile; fileRef = F6693D1B16FC454E00CD3852 /* iTunesItem.m */; };
		F6DF1DF716FB7D1600B20050 /* storeList.plist in Resources */ = {isa = PBXBuildFile; fileRef = F6DF1DF616FB7D1600B20050 /* storeList.plist */; };
		F6DF1DF816FB7D1600B20050 /* storeList.plist in Resources */ = {isa = PBXBuildFile; fileRef = F6DF1DF616FB7D1600B20050 /* storeList.plist */; };
/* End PBXBuildFile section */

/* Begin PBXContainerItemProxy section */
		F668956116F339D400E78257 /* PBXContainerItemProxy */ = {
			isa = PBXContainerItemProxy;
			containerPortal = F668952E16F339D300E78257 /* Project object */;
			proxyType = 1;
			remoteGlobalIDString = F668953516F339D300E78257;
			remoteInfo = TopMusic;
		};
/* End PBXContainerItemProxy section */

/* Begin PBXFileReference section */
		F61C722316F7A4460099CCBC /* MainStoryboard.storyboard */ = {isa = PBXFileReference; fileEncoding = 4; lastKnownFileType = file.storyboard; path = MainStoryboard.storyboard; sourceTree = "<group>"; };
		F61C722816F7A4770099CCBC /* TSMainCollectionViewController.h */ = {isa = PBXFileReference; fileEncoding = 4; lastKnownFileType = sourcecode.c.h; path = TSMainCollectionViewController.h; sourceTree = "<group>"; };
		F61C722916F7A4770099CCBC /* TSMainCollectionViewController.m */ = {isa = PBXFileReference; fileEncoding = 4; lastKnownFileType = sourcecode.c.objc; path = TSMainCollectionViewController.m; sourceTree = "<group>"; };
		F61C722A16F7A4770099CCBC /* TSMainCollectionViewController.xib */ = {isa = PBXFileReference; fileEncoding = 4; lastKnownFileType = file.xib; path = TSMainCollectionViewController.xib; sourceTree = "<group>"; };
		F61C722B16F7A4770099CCBC /* TSMainCollectionViewCell.h */ = {isa = PBXFileReference; fileEncoding = 4; lastKnownFileType = sourcecode.c.h; path = TSMainCollectionViewCell.h; sourceTree = "<group>"; };
		F61C722C16F7A4770099CCBC /* TSMainCollectionViewCell.m */ = {isa = PBXFileReference; fileEncoding = 4; lastKnownFileType = sourcecode.c.objc; path = TSMainCollectionViewCell.m; sourceTree = "<group>"; };
		F61C723916F7A4880099CCBC /* TSViewController.h */ = {isa = PBXFileReference; fileEncoding = 4; lastKnownFileType = sourcecode.c.h; path = TSViewController.h; sourceTree = "<group>"; };
		F61C723A16F7A4880099CCBC /* TSViewController.m */ = {isa = PBXFileReference; fileEncoding = 4; lastKnownFileType = sourcecode.c.objc; path = TSViewController.m; sourceTree = "<group>"; };
		F61C723B16F7A4880099CCBC /* TSMainTableViewCell.h */ = {isa = PBXFileReference; fileEncoding = 4; lastKnownFileType = sourcecode.c.h; path = TSMainTableViewCell.h; sourceTree = "<group>"; };
		F61C723C16F7A4880099CCBC /* TSMainTableViewCell.m */ = {isa = PBXFileReference; fileEncoding = 4; lastKnownFileType = sourcecode.c.objc; path = TSMainTableViewCell.m; sourceTree = "<group>"; };
		F61C723D16F7A4880099CCBC /* TSMainTableViewCell.xib */ = {isa = PBXFileReference; fileEncoding = 4; lastKnownFileType = file.xib; path = TSMainTableViewCell.xib; sourceTree = "<group>"; };
		F61C724416F7A49E0099CCBC /* TSServerController.h */ = {isa = PBXFileReference; fileEncoding = 4; lastKnownFileType = sourcecode.c.h; path = TSServerController.h; sourceTree = "<group>"; };
		F61C724516F7A49E0099CCBC /* TSServerController.m */ = {isa = PBXFileReference; fileEncoding = 4; lastKnownFileType = sourcecode.c.objc; path = TSServerController.m; sourceTree = "<group>"; };
		F65EBECB16FCF0F200447750 /* README */ = {isa = PBXFileReference; lastKnownFileType = text; path = README; sourceTree = "<group>"; };
		F668953616F339D300E78257 /* TopMusic.app */ = {isa = PBXFileReference; explicitFileType = wrapper.application; includeInIndex = 0; path = TopMusic.app; sourceTree = BUILT_PRODUCTS_DIR; };
		F668953916F339D300E78257 /* UIKit.framework */ = {isa = PBXFileReference; lastKnownFileType = wrapper.framework; name = UIKit.framework; path = System/Library/Frameworks/UIKit.framework; sourceTree = SDKROOT; };
		F668953B16F339D300E78257 /* Foundation.framework */ = {isa = PBXFileReference; lastKnownFileType = wrapper.framework; name = Foundation.framework; path = System/Library/Frameworks/Foundation.framework; sourceTree = SDKROOT; };
		F668953D16F339D300E78257 /* CoreGraphics.framework */ = {isa = PBXFileReference; lastKnownFileType = wrapper.framework; name = CoreGraphics.framework; path = System/Library/Frameworks/CoreGraphics.framework; sourceTree = SDKROOT; };
		F668954116F339D300E78257 /* TopMusic-Info.plist */ = {isa = PBXFileReference; lastKnownFileType = text.plist.xml; path = "TopMusic-Info.plist"; sourceTree = "<group>"; };
		F668954316F339D300E78257 /* en */ = {isa = PBXFileReference; lastKnownFileType = text.plist.strings; name = en; path = en.lproj/InfoPlist.strings; sourceTree = "<group>"; };
		F668954516F339D300E78257 /* main.m */ = {isa = PBXFileReference; lastKnownFileType = sourcecode.c.objc; path = main.m; sourceTree = "<group>"; };
		F668954716F339D300E78257 /* TopMusic-Prefix.pch */ = {isa = PBXFileReference; lastKnownFileType = sourcecode.c.h; path = "TopMusic-Prefix.pch"; sourceTree = "<group>"; };
		F668954816F339D300E78257 /* TSAppDelegate.h */ = {isa = PBXFileReference; lastKnownFileType = sourcecode.c.h; path = TSAppDelegate.h; sourceTree = "<group>"; };
		F668954916F339D300E78257 /* TSAppDelegate.m */ = {isa = PBXFileReference; lastKnownFileType = sourcecode.c.objc; path = TSAppDelegate.m; sourceTree = "<group>"; };
		F668954B16F339D300E78257 /* Default.png */ = {isa = PBXFileReference; lastKnownFileType = image.png; path = Default.png; sourceTree = "<group>"; };
		F668954D16F339D300E78257 /* Default@2x.png */ = {isa = PBXFileReference; lastKnownFileType = image.png; path = "Default@2x.png"; sourceTree = "<group>"; };
		F668954F16F339D300E78257 /* Default-568h@2x.png */ = {isa = PBXFileReference; lastKnownFileType = image.png; path = "Default-568h@2x.png"; sourceTree = "<group>"; };
		F668955C16F339D400E78257 /* TopMusicTests.octest */ = {isa = PBXFileReference; explicitFileType = wrapper.cfbundle; includeInIndex = 0; path = TopMusicTests.octest; sourceTree = BUILT_PRODUCTS_DIR; };
		F668955D16F339D400E78257 /* SenTestingKit.framework */ = {isa = PBXFileReference; lastKnownFileType = wrapper.framework; name = SenTestingKit.framework; path = Library/Frameworks/SenTestingKit.framework; sourceTree = DEVELOPER_DIR; };
		F668956516F339D400E78257 /* TopMusicTests-Info.plist */ = {isa = PBXFileReference; lastKnownFileType = text.plist.xml; path = "TopMusicTests-Info.plist"; sourceTree = "<group>"; };
		F668956716F339D400E78257 /* en */ = {isa = PBXFileReference; lastKnownFileType = text.plist.strings; name = en; path = en.lproj/InfoPlist.strings; sourceTree = "<group>"; };
		F668956916F339D400E78257 /* TopMusicTests.h */ = {isa = PBXFileReference; lastKnownFileType = sourcecode.c.h; path = TopMusicTests.h; sourceTree = "<group>"; };
		F668956A16F339D400E78257 /* TopMusicTests.m */ = {isa = PBXFileReference; lastKnownFileType = sourcecode.c.objc; path = TopMusicTests.m; sourceTree = "<group>"; };
		F6693D1A16FC454E00CD3852 /* iTunesItem.h */ = {isa = PBXFileReference; fileEncoding = 4; lastKnownFileType = sourcecode.c.h; path = iTunesItem.h; sourceTree = "<group>"; };
		F6693D1B16FC454E00CD3852 /* iTunesItem.m */ = {isa = PBXFileReference; fileEncoding = 4; lastKnownFileType = sourcecode.c.objc; path = iTunesItem.m; sourceTree = "<group>"; };
		F6DF1DF616FB7D1600B20050 /* storeList.plist */ = {isa = PBXFileReference; fileEncoding = 4; lastKnownFileType = text.plist.xml; path = storeList.plist; sourceTree = "<group>"; };
/* End PBXFileReference section */

/* Begin PBXFrameworksBuildPhase section */
		F668953316F339D300E78257 /* Frameworks */ = {
			isa = PBXFrameworksBuildPhase;
			buildActionMask = 2147483647;
			files = (
				F668953A16F339D300E78257 /* UIKit.framework in Frameworks */,
				F668953C16F339D300E78257 /* Foundation.framework in Frameworks */,
				F668953E16F339D300E78257 /* CoreGraphics.framework in Frameworks */,
			);
			runOnlyForDeploymentPostprocessing = 0;
		};
		F668955816F339D400E78257 /* Frameworks */ = {
			isa = PBXFrameworksBuildPhase;
			buildActionMask = 2147483647;
			files = (
				F668955E16F339D400E78257 /* SenTestingKit.framework in Frameworks */,
				F668955F16F339D400E78257 /* UIKit.framework in Frameworks */,
				F668956016F339D400E78257 /* Foundation.framework in Frameworks */,
			);
			runOnlyForDeploymentPostprocessing = 0;
		};
/* End PBXFrameworksBuildPhase section */

/* Begin PBXGroup section */
		F668952D16F339D300E78257 = {
			isa = PBXGroup;
			children = (
				F65EBECB16FCF0F200447750 /* README */,
				F668953F16F339D300E78257 /* TopMusic */,
				F668956316F339D400E78257 /* TopMusicTests */,
				F668953816F339D300E78257 /* Frameworks */,
				F668953716F339D300E78257 /* Products */,
			);
			sourceTree = "<group>";
		};
		F668953716F339D300E78257 /* Products */ = {
			isa = PBXGroup;
			children = (
				F668953616F339D300E78257 /* TopMusic.app */,
				F668955C16F339D400E78257 /* TopMusicTests.octest */,
			);
			name = Products;
			sourceTree = "<group>";
		};
		F668953816F339D300E78257 /* Frameworks */ = {
			isa = PBXGroup;
			children = (
				F668953916F339D300E78257 /* UIKit.framework */,
				F668953B16F339D300E78257 /* Foundation.framework */,
				F668953D16F339D300E78257 /* CoreGraphics.framework */,
				F668955D16F339D400E78257 /* SenTestingKit.framework */,
			);
			name = Frameworks;
			sourceTree = "<group>";
		};
		F668953F16F339D300E78257 /* TopMusic */ = {
			isa = PBXGroup;
			children = (
				F61C724416F7A49E0099CCBC /* TSServerController.h */,
				F61C724516F7A49E0099CCBC /* TSServerController.m */,
				F61C722816F7A4770099CCBC /* TSMainCollectionViewController.h */,
				F61C722916F7A4770099CCBC /* TSMainCollectionViewController.m */,
				F61C722A16F7A4770099CCBC /* TSMainCollectionViewController.xib */,
				F61C722B16F7A4770099CCBC /* TSMainCollectionViewCell.h */,
				F61C722C16F7A4770099CCBC /* TSMainCollectionViewCell.m */,
				F668954816F339D300E78257 /* TSAppDelegate.h */,
				F668954916F339D300E78257 /* TSAppDelegate.m */,
				F61C723916F7A4880099CCBC /* TSViewController.h */,
				F61C723A16F7A4880099CCBC /* TSViewController.m */,
				F61C723B16F7A4880099CCBC /* TSMainTableViewCell.h */,
				F61C723C16F7A4880099CCBC /* TSMainTableViewCell.m */,
				F61C723D16F7A4880099CCBC /* TSMainTableViewCell.xib */,
				F61C722316F7A4460099CCBC /* MainStoryboard.storyboard */,
				F6693D1A16FC454E00CD3852 /* iTunesItem.h */,
				F6693D1B16FC454E00CD3852 /* iTunesItem.m */,
				F6DF1DF616FB7D1600B20050 /* storeList.plist */,
				F668954016F339D300E78257 /* Supporting Files */,
			);
			path = TopMusic;
			sourceTree = "<group>";
		};
		F668954016F339D300E78257 /* Supporting Files */ = {
			isa = PBXGroup;
			children = (
				F668954116F339D300E78257 /* TopMusic-Info.plist */,
				F668954216F339D300E78257 /* InfoPlist.strings */,
				F668954516F339D300E78257 /* main.m */,
				F668954716F339D300E78257 /* TopMusic-Prefix.pch */,
				F668954B16F339D300E78257 /* Default.png */,
				F668954D16F339D300E78257 /* Default@2x.png */,
				F668954F16F339D300E78257 /* Default-568h@2x.png */,
			);
			name = "Supporting Files";
			sourceTree = "<group>";
		};
		F668956316F339D400E78257 /* TopMusicTests */ = {
			isa = PBXGroup;
			children = (
				F668956916F339D400E78257 /* TopMusicTests.h */,
				F668956A16F339D400E78257 /* TopMusicTests.m */,
				F668956416F339D400E78257 /* Supporting Files */,
			);
			path = TopMusicTests;
			sourceTree = "<group>";
		};
		F668956416F339D400E78257 /* Supporting Files */ = {
			isa = PBXGroup;
			children = (
				F668956516F339D400E78257 /* TopMusicTests-Info.plist */,
				F668956616F339D400E78257 /* InfoPlist.strings */,
			);
			name = "Supporting Files";
			sourceTree = "<group>";
		};
/* End PBXGroup section */

/* Begin PBXNativeTarget section */
		F668953516F339D300E78257 /* TopMusic */ = {
			isa = PBXNativeTarget;
			buildConfigurationList = F668956E16F339D400E78257 /* Build configuration list for PBXNativeTarget "TopMusic" */;
			buildPhases = (
				F668953216F339D300E78257 /* Sources */,
				F668953316F339D300E78257 /* Frameworks */,
				F668953416F339D300E78257 /* Resources */,
			);
			buildRules = (
			);
			dependencies = (
			);
			name = TopMusic;
			productName = TopMusic;
			productReference = F668953616F339D300E78257 /* TopMusic.app */;
			productType = "com.apple.product-type.application";
		};
		F668955B16F339D400E78257 /* TopMusicTests */ = {
			isa = PBXNativeTarget;
			buildConfigurationList = F668957116F339D400E78257 /* Build configuration list for PBXNativeTarget "TopMusicTests" */;
			buildPhases = (
				F668955716F339D400E78257 /* Sources */,
				F668955816F339D400E78257 /* Frameworks */,
				F668955916F339D400E78257 /* Resources */,
				F668955A16F339D400E78257 /* ShellScript */,
			);
			buildRules = (
			);
			dependencies = (
				F668956216F339D400E78257 /* PBXTargetDependency */,
			);
			name = TopMusicTests;
			productName = TopMusicTests;
			productReference = F668955C16F339D400E78257 /* TopMusicTests.octest */;
			productType = "com.apple.product-type.bundle";
		};
/* End PBXNativeTarget section */

/* Begin PBXProject section */
		F668952E16F339D300E78257 /* Project object */ = {
			isa = PBXProject;
			attributes = {
				CLASSPREFIX = TM;
				LastUpgradeCheck = 0460;
				ORGANIZATIONNAME = "NineDrafts Inc.";
			};
			buildConfigurationList = F668953116F339D300E78257 /* Build configuration list for PBXProject "TopMusic" */;
			compatibilityVersion = "Xcode 3.2";
			developmentRegion = English;
			hasScannedForEncodings = 0;
			knownRegions = (
				en,
			);
			mainGroup = F668952D16F339D300E78257;
			productRefGroup = F668953716F339D300E78257 /* Products */;
			projectDirPath = "";
			projectRoot = "";
			targets = (
				F668953516F339D300E78257 /* TopMusic */,
				F668955B16F339D400E78257 /* TopMusicTests */,
			);
		};
/* End PBXProject section */

/* Begin PBXResourcesBuildPhase section */
		F668953416F339D300E78257 /* Resources */ = {
			isa = PBXResourcesBuildPhase;
			buildActionMask = 2147483647;
			files = (
				F668954416F339D300E78257 /* InfoPlist.strings in Resources */,
				F668954C16F339D300E78257 /* Default.png in Resources */,
				F668954E16F339D300E78257 /* Default@2x.png in Resources */,
				F668955016F339D300E78257 /* Default-568h@2x.png in Resources */,
				F61C722416F7A4460099CCBC /* MainStoryboard.storyboard in Resources */,
				F61C723316F7A4770099CCBC /* TSMainCollectionViewController.xib in Resources */,
				F61C724216F7A4880099CCBC /* TSMainTableViewCell.xib in Resources */,
				F6DF1DF716FB7D1600B20050 /* storeList.plist in Resources */,
			);
			runOnlyForDeploymentPostprocessing = 0;
		};
		F668955916F339D400E78257 /* Resources */ = {
			isa = PBXResourcesBuildPhase;
			buildActionMask = 2147483647;
			files = (
				F668956816F339D400E78257 /* InfoPlist.strings in Resources */,
				F61C722516F7A4460099CCBC /* MainStoryboard.storyboard in Resources */,
				F61C723416F7A4770099CCBC /* TSMainCollectionViewController.xib in Resources */,
				F61C724316F7A4880099CCBC /* TSMainTableViewCell.xib in Resources */,
				F6DF1DF816FB7D1600B20050 /* storeList.plist in Resources */,
			);
			runOnlyForDeploymentPostprocessing = 0;
		};
/* End PBXResourcesBuildPhase section */

/* Begin PBXShellScriptBuildPhase section */
		F668955A16F339D400E78257 /* ShellScript */ = {
			isa = PBXShellScriptBuildPhase;
			buildActionMask = 2147483647;
			files = (
			);
			inputPaths = (
			);
			outputPaths = (
			);
			runOnlyForDeploymentPostprocessing = 0;
			shellPath = /bin/sh;
			shellScript = "# Run the unit tests in this test bundle.\n\"${SYSTEM_DEVELOPER_DIR}/Tools/RunUnitTests\"\n";
		};
/* End PBXShellScriptBuildPhase section */

/* Begin PBXSourcesBuildPhase section */
		F668953216F339D300E78257 /* Sources */ = {
			isa = PBXSourcesBuildPhase;
			buildActionMask = 2147483647;
			files = (
				F668954616F339D300E78257 /* main.m in Sources */,
				F668954A16F339D300E78257 /* TSAppDelegate.m in Sources */,
				F61C723116F7A4770099CCBC /* TSMainCollectionViewController.m in Sources */,
				F61C723516F7A4770099CCBC /* TSMainCollectionViewCell.m in Sources */,
				F61C723E16F7A4880099CCBC /* TSViewController.m in Sources */,
				F61C724016F7A4880099CCBC /* TSMainTableViewCell.m in Sources */,
				F61C724616F7A49E0099CCBC /* TSServerController.m in Sources */,
				F6693D1C16FC454E00CD3852 /* iTunesItem.m in Sources */,
			);
			runOnlyForDeploymentPostprocessing = 0;
		};
		F668955716F339D400E78257 /* Sources */ = {
			isa = PBXSourcesBuildPhase;
			buildActionMask = 2147483647;
			files = (
				F668956B16F339D400E78257 /* TopMusicTests.m in Sources */,
				F61C723216F7A4770099CCBC /* TSMainCollectionViewController.m in Sources */,
				F61C723616F7A4770099CCBC /* TSMainCollectionViewCell.m in Sources */,
				F61C723F16F7A4880099CCBC /* TSViewController.m in Sources */,
				F61C724116F7A4880099CCBC /* TSMainTableViewCell.m in Sources */,
				F61C724716F7A49E0099CCBC /* TSServerController.m in Sources */,
				F6693D1D16FC454E00CD3852 /* iTunesItem.m in Sources */,
			);
			runOnlyForDeploymentPostprocessing = 0;
		};
/* End PBXSourcesBuildPhase section */

/* Begin PBXTargetDependency section */
		F668956216F339D400E78257 /* PBXTargetDependency */ = {
			isa = PBXTargetDependency;
			target = F668953516F339D300E78257 /* TopMusic */;
			targetProxy = F668956116F339D400E78257 /* PBXContainerItemProxy */;
		};
/* End PBXTargetDependency section */

/* Begin PBXVariantGroup section */
		F668954216F339D300E78257 /* InfoPlist.strings */ = {
			isa = PBXVariantGroup;
			children = (
				F668954316F339D300E78257 /* en */,
			);
			name = InfoPlist.strings;
			sourceTree = "<group>";
		};
		F668956616F339D400E78257 /* InfoPlist.strings */ = {
			isa = PBXVariantGroup;
			children = (
				F668956716F339D400E78257 /* en */,
			);
			name = InfoPlist.strings;
			sourceTree = "<group>";
		};
/* End PBXVariantGroup section */

/* Begin XCBuildConfiguration section */
		F668956C16F339D400E78257 /* Debug */ = {
			isa = XCBuildConfiguration;
			buildSettings = {
				ALWAYS_SEARCH_USER_PATHS = NO;
				CLANG_CXX_LANGUAGE_STANDARD = "gnu++0x";
				CLANG_CXX_LIBRARY = "libc++";
				CLANG_ENABLE_OBJC_ARC = YES;
				CLANG_WARN_CONSTANT_CONVERSION = YES;
				CLANG_WARN_EMPTY_BODY = YES;
				CLANG_WARN_ENUM_CONVERSION = YES;
				CLANG_WARN_INT_CONVERSION = YES;
				CLANG_WARN__DUPLICATE_METHOD_MATCH = YES;
				"CODE_SIGN_IDENTITY[sdk=iphoneos*]" = "iPhone Developer";
				COPY_PHASE_STRIP = NO;
				GCC_C_LANGUAGE_STANDARD = gnu99;
				GCC_DYNAMIC_NO_PIC = NO;
				GCC_OPTIMIZATION_LEVEL = 0;
				GCC_PREPROCESSOR_DEFINITIONS = (
					"DEBUG=1",
					"$(inherited)",
				);
				GCC_SYMBOLS_PRIVATE_EXTERN = NO;
				GCC_WARN_ABOUT_RETURN_TYPE = YES;
				GCC_WARN_UNINITIALIZED_AUTOS = YES;
				GCC_WARN_UNUSED_VARIABLE = YES;
				IPHONEOS_DEPLOYMENT_TARGET = 6.1;
				ONLY_ACTIVE_ARCH = YES;
				SDKROOT = iphoneos;
				TARGETED_DEVICE_FAMILY = 2;
			};
			name = Debug;
		};
		F668956D16F339D400E78257 /* Release */ = {
			isa = XCBuildConfiguration;
			buildSettings = {
				ALWAYS_SEARCH_USER_PATHS = NO;
				CLANG_CXX_LANGUAGE_STANDARD = "gnu++0x";
				CLANG_CXX_LIBRARY = "libc++";
				CLANG_ENABLE_OBJC_ARC = YES;
				CLANG_WARN_CONSTANT_CONVERSION = YES;
				CLANG_WARN_EMPTY_BODY = YES;
				CLANG_WARN_ENUM_CONVERSION = YES;
				CLANG_WARN_INT_CONVERSION = YES;
				CLANG_WARN__DUPLICATE_METHOD_MATCH = YES;
				"CODE_SIGN_IDENTITY[sdk=iphoneos*]" = "iPhone Developer";
				COPY_PHASE_STRIP = YES;
				GCC_C_LANGUAGE_STANDARD = gnu99;
				GCC_WARN_ABOUT_RETURN_TYPE = YES;
				GCC_WARN_UNINITIALIZED_AUTOS = YES;
				GCC_WARN_UNUSED_VARIABLE = YES;
				IPHONEOS_DEPLOYMENT_TARGET = 6.1;
				OTHER_CFLAGS = "-DNS_BLOCK_ASSERTIONS=1";
				SDKROOT = iphoneos;
				TARGETED_DEVICE_FAMILY = 2;
				VALIDATE_PRODUCT = YES;
			};
			name = Release;
		};
		F668956F16F339D400E78257 /* Debug */ = {
			isa = XCBuildConfiguration;
			buildSettings = {
				GCC_PRECOMPILE_PREFIX_HEADER = YES;
				GCC_PREFIX_HEADER = "TopMusic/TopMusic-Prefix.pch";
				INFOPLIST_FILE = "TopMusic/TopMusic-Info.plist";
				PRODUCT_NAME = "$(TARGET_NAME)";
				WRAPPER_EXTENSION = app;
			};
			name = Debug;
		};
		F668957016F339D400E78257 /* Release */ = {
			isa = XCBuildConfiguration;
			buildSettings = {
				GCC_PRECOMPILE_PREFIX_HEADER = YES;
				GCC_PREFIX_HEADER = "TopMusic/TopMusic-Prefix.pch";
				INFOPLIST_FILE = "TopMusic/TopMusic-Info.plist";
				PRODUCT_NAME = "$(TARGET_NAME)";
				WRAPPER_EXTENSION = app;
			};
			name = Release;
		};
		F668957216F339D400E78257 /* Debug */ = {
			isa = XCBuildConfiguration;
			buildSettings = {
				BUNDLE_LOADER = "$(BUILT_PRODUCTS_DIR)/TopMusic.app/TopMusic";
				FRAMEWORK_SEARCH_PATHS = (
					"\"$(SDKROOT)/Developer/Library/Frameworks\"",
					"\"$(DEVELOPER_LIBRARY_DIR)/Frameworks\"",
				);
				GCC_PRECOMPILE_PREFIX_HEADER = YES;
				GCC_PREFIX_HEADER = "TopMusic/TopMusic-Prefix.pch";
				INFOPLIST_FILE = "TopMusicTests/TopMusicTests-Info.plist";
				PRODUCT_NAME = "$(TARGET_NAME)";
				TEST_HOST = "$(BUNDLE_LOADER)";
				WRAPPER_EXTENSION = octest;
			};
			name = Debug;
		};
		F668957316F339D400E78257 /* Release */ = {
			isa = XCBuildConfiguration;
			buildSettings = {
				BUNDLE_LOADER = "$(BUILT_PRODUCTS_DIR)/TopMusic.app/TopMusic";
				FRAMEWORK_SEARCH_PATHS = (
					"\"$(SDKROOT)/Developer/Library/Frameworks\"",
					"\"$(DEVELOPER_LIBRARY_DIR)/Frameworks\"",
				);
				GCC_PRECOMPILE_PREFIX_HEADER = YES;
				GCC_PREFIX_HEADER = "TopMusic/TopMusic-Prefix.pch";
				INFOPLIST_FILE = "TopMusicTests/TopMusicTests-Info.plist";
				PRODUCT_NAME = "$(TARGET_NAME)";
				TEST_HOST = "$(BUNDLE_LOADER)";
				WRAPPER_EXTENSION = octest;
			};
			name = Release;
		};
/* End XCBuildConfiguration section */

/* Begin XCConfigurationList section */
		F668953116F339D300E78257 /* Build configuration list for PBXProject "TopMusic" */ = {
			isa = XCConfigurationList;
			buildConfigurations = (
				F668956C16F339D400E78257 /* Debug */,
				F668956D16F339D400E78257 /* Release */,
			);
			defaultConfigurationIsVisible = 0;
			defaultConfigurationName = Release;
		};
		F668956E16F339D400E78257 /* Build configuration list for PBXNativeTarget "TopMusic" */ = {
			isa = XCConfigurationList;
			buildConfigurations = (
				F668956F16F339D400E78257 /* Debug */,
				F668957016F339D400E78257 /* Release */,
			);
			defaultConfigurationIsVisible = 0;
			defaultConfigurationName = Release;
		};
		F668957116F339D400E78257 /* Build configuration list for PBXNativeTarget "TopMusicTests" */ = {
			isa = XCConfigurationList;
			buildConfigurations = (
				F668957216F339D400E78257 /* Debug */,
				F668957316F339D400E78257 /* Release */,
			);
			defaultConfigurationIsVisible = 0;
			defaultConfigurationName = Release;
		};
/* End XCConfigurationList section */
	};
	rootObject = F668952E16F339D300E78257 /* Project object */;
}
